// !$*UTF8*$!
{
	archiveVersion = 1;
	classes = {
	};
	objectVersion = 56;
	objects = {

/* Begin PBXBuildFile section */
		C2A381312A998A6E001F3F79 /* DerivadaAppApp.swift in Sources */ = {isa = PBXBuildFile; fileRef = C2A381302A998A6E001F3F79 /* DerivadaAppApp.swift */; };
		C2A381332A998A6E001F3F79 /* ContentView.swift in Sources */ = {isa = PBXBuildFile; fileRef = C2A381322A998A6E001F3F79 /* ContentView.swift */; };
		C2A381352A998A70001F3F79 /* Assets.xcassets in Resources */ = {isa = PBXBuildFile; fileRef = C2A381342A998A70001F3F79 /* Assets.xcassets */; };
		C2A381382A998A70001F3F79 /* Preview Assets.xcassets in Resources */ = {isa = PBXBuildFile; fileRef = C2A381372A998A70001F3F79 /* Preview Assets.xcassets */; };
		C2A381422A998A70001F3F79 /* DerivadaAppTests.swift in Sources */ = {isa = PBXBuildFile; fileRef = C2A381412A998A70001F3F79 /* DerivadaAppTests.swift */; };
		C2A3814C2A998A70001F3F79 /* DerivadaAppUITests.swift in Sources */ = {isa = PBXBuildFile; fileRef = C2A3814B2A998A70001F3F79 /* DerivadaAppUITests.swift */; };
		C2A3814E2A998A70001F3F79 /* DerivadaAppUITestsLaunchTests.swift in Sources */ = {isa = PBXBuildFile; fileRef = C2A3814D2A998A70001F3F79 /* DerivadaAppUITestsLaunchTests.swift */; };
/* End PBXBuildFile section */

/* Begin PBXContainerItemProxy section */
		C2A3813E2A998A70001F3F79 /* PBXContainerItemProxy */ = {
			isa = PBXContainerItemProxy;
			containerPortal = C2A381252A998A6E001F3F79 /* Project object */;
			proxyType = 1;
			remoteGlobalIDString = C2A3812C2A998A6E001F3F79;
			remoteInfo = DerivadaApp;
		};
		C2A381482A998A70001F3F79 /* PBXContainerItemProxy */ = {
			isa = PBXContainerItemProxy;
			containerPortal = C2A381252A998A6E001F3F79 /* Project object */;
			proxyType = 1;
			remoteGlobalIDString = C2A3812C2A998A6E001F3F79;
			remoteInfo = DerivadaApp;
		};
/* End PBXContainerItemProxy section */

/* Begin PBXFileReference section */
		C2A3812D2A998A6E001F3F79 /* DerivadaApp.app */ = {isa = PBXFileReference; explicitFileType = wrapper.application; includeInIndex = 0; path = DerivadaApp.app; sourceTree = BUILT_PRODUCTS_DIR; };
		C2A381302A998A6E001F3F79 /* DerivadaAppApp.swift */ = {isa = PBXFileReference; lastKnownFileType = sourcecode.swift; path = DerivadaAppApp.swift; sourceTree = "<group>"; };
		C2A381322A998A6E001F3F79 /* ContentView.swift */ = {isa = PBXFileReference; lastKnownFileType = sourcecode.swift; path = ContentView.swift; sourceTree = "<group>"; };
		C2A381342A998A70001F3F79 /* Assets.xcassets */ = {isa = PBXFileReference; lastKnownFileType = folder.assetcatalog; path = Assets.xcassets; sourceTree = "<group>"; };
		C2A381372A998A70001F3F79 /* Preview Assets.xcassets */ = {isa = PBXFileReference; lastKnownFileType = folder.assetcatalog; path = "Preview Assets.xcassets"; sourceTree = "<group>"; };
		C2A3813D2A998A70001F3F79 /* DerivadaAppTests.xctest */ = {isa = PBXFileReference; explicitFileType = wrapper.cfbundle; includeInIndex = 0; path = DerivadaAppTests.xctest; sourceTree = BUILT_PRODUCTS_DIR; };
		C2A381412A998A70001F3F79 /* DerivadaAppTests.swift */ = {isa = PBXFileReference; lastKnownFileType = sourcecode.swift; path = DerivadaAppTests.swift; sourceTree = "<group>"; };
		C2A381472A998A70001F3F79 /* DerivadaAppUITests.xctest */ = {isa = PBXFileReference; explicitFileType = wrapper.cfbundle; includeInIndex = 0; path = DerivadaAppUITests.xctest; sourceTree = BUILT_PRODUCTS_DIR; };
		C2A3814B2A998A70001F3F79 /* DerivadaAppUITests.swift */ = {isa = PBXFileReference; lastKnownFileType = sourcecode.swift; path = DerivadaAppUITests.swift; sourceTree = "<group>"; };
		C2A3814D2A998A70001F3F79 /* DerivadaAppUITestsLaunchTests.swift */ = {isa = PBXFileReference; lastKnownFileType = sourcecode.swift; path = DerivadaAppUITestsLaunchTests.swift; sourceTree = "<group>"; };
/* End PBXFileReference section */

/* Begin PBXFrameworksBuildPhase section */
		C2A3812A2A998A6E001F3F79 /* Frameworks */ = {
			isa = PBXFrameworksBuildPhase;
			buildActionMask = 2147483647;
			files = (
			);
			runOnlyForDeploymentPostprocessing = 0;
		};
		C2A3813A2A998A70001F3F79 /* Frameworks */ = {
			isa = PBXFrameworksBuildPhase;
			buildActionMask = 2147483647;
			files = (
			);
			runOnlyForDeploymentPostprocessing = 0;
		};
		C2A381442A998A70001F3F79 /* Frameworks */ = {
			isa = PBXFrameworksBuildPhase;
			buildActionMask = 2147483647;
			files = (
			);
			runOnlyForDeploymentPostprocessing = 0;
		};
/* End PBXFrameworksBuildPhase section */

/* Begin PBXGroup section */
		C2A381242A998A6E001F3F79 = {
			isa = PBXGroup;
			children = (
				C2A3812F2A998A6E001F3F79 /* DerivadaApp */,
				C2A381402A998A70001F3F79 /* DerivadaAppTests */,
				C2A3814A2A998A70001F3F79 /* DerivadaAppUITests */,
				C2A3812E2A998A6E001F3F79 /* Products */,
			);
			sourceTree = "<group>";
		};
		C2A3812E2A998A6E001F3F79 /* Products */ = {
			isa = PBXGroup;
			children = (
				C2A3812D2A998A6E001F3F79 /* DerivadaApp.app */,
				C2A3813D2A998A70001F3F79 /* DerivadaAppTests.xctest */,
				C2A381472A998A70001F3F79 /* DerivadaAppUITests.xctest */,
			);
			name = Products;
			sourceTree = "<group>";
		};
		C2A3812F2A998A6E001F3F79 /* DerivadaApp */ = {
			isa = PBXGroup;
			children = (
				C2A381302A998A6E001F3F79 /* DerivadaAppApp.swift */,
				C2A381322A998A6E001F3F79 /* ContentView.swift */,
				C2A381342A998A70001F3F79 /* Assets.xcassets */,
				C2A381362A998A70001F3F79 /* Preview Content */,
			);
			path = DerivadaApp;
			sourceTree = "<group>";
		};
		C2A381362A998A70001F3F79 /* Preview Content */ = {
			isa = PBXGroup;
			children = (
				C2A381372A998A70001F3F79 /* Preview Assets.xcassets */,
			);
			path = "Preview Content";
			sourceTree = "<group>";
		};
		C2A381402A998A70001F3F79 /* DerivadaAppTests */ = {
			isa = PBXGroup;
			children = (
				C2A381412A998A70001F3F79 /* DerivadaAppTests.swift */,
			);
			path = DerivadaAppTests;
			sourceTree = "<group>";
		};
		C2A3814A2A998A70001F3F79 /* DerivadaAppUITests */ = {
			isa = PBXGroup;
			children = (
				C2A3814B2A998A70001F3F79 /* DerivadaAppUITests.swift */,
				C2A3814D2A998A70001F3F79 /* DerivadaAppUITestsLaunchTests.swift */,
			);
			path = DerivadaAppUITests;
			sourceTree = "<group>";
		};
/* End PBXGroup section */

/* Begin PBXNativeTarget section */
		C2A3812C2A998A6E001F3F79 /* DerivadaApp */ = {
			isa = PBXNativeTarget;
			buildConfigurationList = C2A381512A998A70001F3F79 /* Build configuration list for PBXNativeTarget "DerivadaApp" */;
			buildPhases = (
				C2A381292A998A6E001F3F79 /* Sources */,
				C2A3812A2A998A6E001F3F79 /* Frameworks */,
				C2A3812B2A998A6E001F3F79 /* Resources */,
			);
			buildRules = (
			);
			dependencies = (
			);
			name = DerivadaApp;
			productName = DerivadaApp;
			productReference = C2A3812D2A998A6E001F3F79 /* DerivadaApp.app */;
			productType = "com.apple.product-type.application";
		};
		C2A3813C2A998A70001F3F79 /* DerivadaAppTests */ = {
			isa = PBXNativeTarget;
			buildConfigurationList = C2A381542A998A70001F3F79 /* Build configuration list for PBXNativeTarget "DerivadaAppTests" */;
			buildPhases = (
				C2A381392A998A70001F3F79 /* Sources */,
				C2A3813A2A998A70001F3F79 /* Frameworks */,
				C2A3813B2A998A70001F3F79 /* Resources */,
			);
			buildRules = (
			);
			dependencies = (
				C2A3813F2A998A70001F3F79 /* PBXTargetDependency */,
			);
			name = DerivadaAppTests;
			productName = DerivadaAppTests;
			productReference = C2A3813D2A998A70001F3F79 /* DerivadaAppTests.xctest */;
			productType = "com.apple.product-type.bundle.unit-test";
		};
		C2A381462A998A70001F3F79 /* DerivadaAppUITests */ = {
			isa = PBXNativeTarget;
			buildConfigurationList = C2A381572A998A70001F3F79 /* Build configuration list for PBXNativeTarget "DerivadaAppUITests" */;
			buildPhases = (
				C2A381432A998A70001F3F79 /* Sources */,
				C2A381442A998A70001F3F79 /* Frameworks */,
				C2A381452A998A70001F3F79 /* Resources */,
			);
			buildRules = (
			);
			dependencies = (
				C2A381492A998A70001F3F79 /* PBXTargetDependency */,
			);
			name = DerivadaAppUITests;
			productName = DerivadaAppUITests;
			productReference = C2A381472A998A70001F3F79 /* DerivadaAppUITests.xctest */;
			productType = "com.apple.product-type.bundle.ui-testing";
		};
/* End PBXNativeTarget section */

/* Begin PBXProject section */
		C2A381252A998A6E001F3F79 /* Project object */ = {
			isa = PBXProject;
			attributes = {
				BuildIndependentTargetsInParallel = 1;
				LastSwiftUpdateCheck = 1430;
				LastUpgradeCheck = 1430;
				TargetAttributes = {
					C2A3812C2A998A6E001F3F79 = {
						CreatedOnToolsVersion = 14.3.1;
					};
					C2A3813C2A998A70001F3F79 = {
						CreatedOnToolsVersion = 14.3.1;
						TestTargetID = C2A3812C2A998A6E001F3F79;
					};
					C2A381462A998A70001F3F79 = {
						CreatedOnToolsVersion = 14.3.1;
						TestTargetID = C2A3812C2A998A6E001F3F79;
					};
				};
			};
			buildConfigurationList = C2A381282A998A6E001F3F79 /* Build configuration list for PBXProject "DerivadaApp" */;
			compatibilityVersion = "Xcode 14.0";
			developmentRegion = en;
			hasScannedForEncodings = 0;
			knownRegions = (
				en,
				Base,
			);
			mainGroup = C2A381242A998A6E001F3F79;
			productRefGroup = C2A3812E2A998A6E001F3F79 /* Products */;
			projectDirPath = "";
			projectRoot = "";
			targets = (
				C2A3812C2A998A6E001F3F79 /* DerivadaApp */,
				C2A3813C2A998A70001F3F79 /* DerivadaAppTests */,
				C2A381462A998A70001F3F79 /* DerivadaAppUITests */,
			);
		};
/* End PBXProject section */

/* Begin PBXResourcesBuildPhase section */
		C2A3812B2A998A6E001F3F79 /* Resources */ = {
			isa = PBXResourcesBuildPhase;
			buildActionMask = 2147483647;
			files = (
				C2A381382A998A70001F3F79 /* Preview Assets.xcassets in Resources */,
				C2A381352A998A70001F3F79 /* Assets.xcassets in Resources */,
			);
			runOnlyForDeploymentPostprocessing = 0;
		};
		C2A3813B2A998A70001F3F79 /* Resources */ = {
			isa = PBXResourcesBuildPhase;
			buildActionMask = 2147483647;
			files = (
			);
			runOnlyForDeploymentPostprocessing = 0;
		};
		C2A381452A998A70001F3F79 /* Resources */ = {
			isa = PBXResourcesBuildPhase;
			buildActionMask = 2147483647;
			files = (
			);
			runOnlyForDeploymentPostprocessing = 0;
		};
/* End PBXResourcesBuildPhase section */

/* Begin PBXSourcesBuildPhase section */
		C2A381292A998A6E001F3F79 /* Sources */ = {
			isa = PBXSourcesBuildPhase;
			buildActionMask = 2147483647;
			files = (
				C2A381332A998A6E001F3F79 /* ContentView.swift in Sources */,
				C2A381312A998A6E001F3F79 /* DerivadaAppApp.swift in Sources */,
			);
			runOnlyForDeploymentPostprocessing = 0;
		};
		C2A381392A998A70001F3F79 /* Sources */ = {
			isa = PBXSourcesBuildPhase;
			buildActionMask = 2147483647;
			files = (
				C2A381422A998A70001F3F79 /* DerivadaAppTests.swift in Sources */,
			);
			runOnlyForDeploymentPostprocessing = 0;
		};
		C2A381432A998A70001F3F79 /* Sources */ = {
			isa = PBXSourcesBuildPhase;
			buildActionMask = 2147483647;
			files = (
				C2A3814E2A998A70001F3F79 /* DerivadaAppUITestsLaunchTests.swift in Sources */,
				C2A3814C2A998A70001F3F79 /* DerivadaAppUITests.swift in Sources */,
			);
			runOnlyForDeploymentPostprocessing = 0;
		};
/* End PBXSourcesBuildPhase section */

/* Begin PBXTargetDependency section */
		C2A3813F2A998A70001F3F79 /* PBXTargetDependency */ = {
			isa = PBXTargetDependency;
			target = C2A3812C2A998A6E001F3F79 /* DerivadaApp */;
			targetProxy = C2A3813E2A998A70001F3F79 /* PBXContainerItemProxy */;
		};
		C2A381492A998A70001F3F79 /* PBXTargetDependency */ = {
			isa = PBXTargetDependency;
			target = C2A3812C2A998A6E001F3F79 /* DerivadaApp */;
			targetProxy = C2A381482A998A70001F3F79 /* PBXContainerItemProxy */;
		};
/* End PBXTargetDependency section */

/* Begin XCBuildConfiguration section */
		C2A3814F2A998A70001F3F79 /* Debug */ = {
			isa = XCBuildConfiguration;
			buildSettings = {
				ALWAYS_SEARCH_USER_PATHS = NO;
				CLANG_ANALYZER_NONNULL = YES;
				CLANG_ANALYZER_NUMBER_OBJECT_CONVERSION = YES_AGGRESSIVE;
				CLANG_CXX_LANGUAGE_STANDARD = "gnu++20";
				CLANG_ENABLE_MODULES = YES;
				CLANG_ENABLE_OBJC_ARC = YES;
				CLANG_ENABLE_OBJC_WEAK = YES;
				CLANG_WARN_BLOCK_CAPTURE_AUTORELEASING = YES;
				CLANG_WARN_BOOL_CONVERSION = YES;
				CLANG_WARN_COMMA = YES;
				CLANG_WARN_CONSTANT_CONVERSION = YES;
				CLANG_WARN_DEPRECATED_OBJC_IMPLEMENTATIONS = YES;
				CLANG_WARN_DIRECT_OBJC_ISA_USAGE = YES_ERROR;
				CLANG_WARN_DOCUMENTATION_COMMENTS = YES;
				CLANG_WARN_EMPTY_BODY = YES;
				CLANG_WARN_ENUM_CONVERSION = YES;
				CLANG_WARN_INFINITE_RECURSION = YES;
				CLANG_WARN_INT_CONVERSION = YES;
				CLANG_WARN_NON_LITERAL_NULL_CONVERSION = YES;
				CLANG_WARN_OBJC_IMPLICIT_RETAIN_SELF = YES;
				CLANG_WARN_OBJC_LITERAL_CONVERSION = YES;
				CLANG_WARN_OBJC_ROOT_CLASS = YES_ERROR;
				CLANG_WARN_QUOTED_INCLUDE_IN_FRAMEWORK_HEADER = YES;
				CLANG_WARN_RANGE_LOOP_ANALYSIS = YES;
				CLANG_WARN_STRICT_PROTOTYPES = YES;
				CLANG_WARN_SUSPICIOUS_MOVE = YES;
				CLANG_WARN_UNGUARDED_AVAILABILITY = YES_AGGRESSIVE;
				CLANG_WARN_UNREACHABLE_CODE = YES;
				CLANG_WARN__DUPLICATE_METHOD_MATCH = YES;
				COPY_PHASE_STRIP = NO;
				DEBUG_INFORMATION_FORMAT = dwarf;
				ENABLE_STRICT_OBJC_MSGSEND = YES;
				ENABLE_TESTABILITY = YES;
				GCC_C_LANGUAGE_STANDARD = gnu11;
				GCC_DYNAMIC_NO_PIC = NO;
				GCC_NO_COMMON_BLOCKS = YES;
				GCC_OPTIMIZATION_LEVEL = 0;
				GCC_PREPROCESSOR_DEFINITIONS = (
					"DEBUG=1",
					"$(inherited)",
				);
				GCC_WARN_64_TO_32_BIT_CONVERSION = YES;
				GCC_WARN_ABOUT_RETURN_TYPE = YES_ERROR;
				GCC_WARN_UNDECLARED_SELECTOR = YES;
				GCC_WARN_UNINITIALIZED_AUTOS = YES_AGGRESSIVE;
				GCC_WARN_UNUSED_FUNCTION = YES;
				GCC_WARN_UNUSED_VARIABLE = YES;
				IPHONEOS_DEPLOYMENT_TARGET = 16.4;
				MTL_ENABLE_DEBUG_INFO = INCLUDE_SOURCE;
				MTL_FAST_MATH = YES;
				ONLY_ACTIVE_ARCH = YES;
				SDKROOT = iphoneos;
				SWIFT_ACTIVE_COMPILATION_CONDITIONS = DEBUG;
				SWIFT_OPTIMIZATION_LEVEL = "-Onone";
			};
			name = Debug;
		};
		C2A381502A998A70001F3F79 /* Release */ = {
			isa = XCBuildConfiguration;
			buildSettings = {
				ALWAYS_SEARCH_USER_PATHS = NO;
				CLANG_ANALYZER_NONNULL = YES;
				CLANG_ANALYZER_NUMBER_OBJECT_CONVERSION = YES_AGGRESSIVE;
				CLANG_CXX_LANGUAGE_STANDARD = "gnu++20";
				CLANG_ENABLE_MODULES = YES;
				CLANG_ENABLE_OBJC_ARC = YES;
				CLANG_ENABLE_OBJC_WEAK = YES;
				CLANG_WARN_BLOCK_CAPTURE_AUTORELEASING = YES;
				CLANG_WARN_BOOL_CONVERSION = YES;
				CLANG_WARN_COMMA = YES;
				CLANG_WARN_CONSTANT_CONVERSION = YES;
				CLANG_WARN_DEPRECATED_OBJC_IMPLEMENTATIONS = YES;
				CLANG_WARN_DIRECT_OBJC_ISA_USAGE = YES_ERROR;
				CLANG_WARN_DOCUMENTATION_COMMENTS = YES;
				CLANG_WARN_EMPTY_BODY = YES;
				CLANG_WARN_ENUM_CONVERSION = YES;
				CLANG_WARN_INFINITE_RECURSION = YES;
				CLANG_WARN_INT_CONVERSION = YES;
				CLANG_WARN_NON_LITERAL_NULL_CONVERSION = YES;
				CLANG_WARN_OBJC_IMPLICIT_RETAIN_SELF = YES;
				CLANG_WARN_OBJC_LITERAL_CONVERSION = YES;
				CLANG_WARN_OBJC_ROOT_CLASS = YES_ERROR;
				CLANG_WARN_QUOTED_INCLUDE_IN_FRAMEWORK_HEADER = YES;
				CLANG_WARN_RANGE_LOOP_ANALYSIS = YES;
				CLANG_WARN_STRICT_PROTOTYPES = YES;
				CLANG_WARN_SUSPICIOUS_MOVE = YES;
				CLANG_WARN_UNGUARDED_AVAILABILITY = YES_AGGRESSIVE;
				CLANG_WARN_UNREACHABLE_CODE = YES;
				CLANG_WARN__DUPLICATE_METHOD_MATCH = YES;
				COPY_PHASE_STRIP = NO;
				DEBUG_INFORMATION_FORMAT = "dwarf-with-dsym";
				ENABLE_NS_ASSERTIONS = NO;
				ENABLE_STRICT_OBJC_MSGSEND = YES;
				GCC_C_LANGUAGE_STANDARD = gnu11;
				GCC_NO_COMMON_BLOCKS = YES;
				GCC_WARN_64_TO_32_BIT_CONVERSION = YES;
				GCC_WARN_ABOUT_RETURN_TYPE = YES_ERROR;
				GCC_WARN_UNDECLARED_SELECTOR = YES;
				GCC_WARN_UNINITIALIZED_AUTOS = YES_AGGRESSIVE;
				GCC_WARN_UNUSED_FUNCTION = YES;
				GCC_WARN_UNUSED_VARIABLE = YES;
				IPHONEOS_DEPLOYMENT_TARGET = 16.4;
				MTL_ENABLE_DEBUG_INFO = NO;
				MTL_FAST_MATH = YES;
				SDKROOT = iphoneos;
				SWIFT_COMPILATION_MODE = wholemodule;
				SWIFT_OPTIMIZATION_LEVEL = "-O";
				VALIDATE_PRODUCT = YES;
			};
			name = Release;
		};
		C2A381522A998A70001F3F79 /* Debug */ = {
			isa = XCBuildConfiguration;
			buildSettings = {
				ASSETCATALOG_COMPILER_APPICON_NAME = AppIcon;
				ASSETCATALOG_COMPILER_GLOBAL_ACCENT_COLOR_NAME = AccentColor;
				CODE_SIGN_STYLE = Automatic;
				CURRENT_PROJECT_VERSION = 1;
				DEVELOPMENT_ASSET_PATHS = "\"DerivadaApp/Preview Content\"";
				DEVELOPMENT_TEAM = 633HKT35S8;
				ENABLE_PREVIEWS = YES;
				GENERATE_INFOPLIST_FILE = YES;
				INFOPLIST_KEY_UIApplicationSceneManifest_Generation = YES;
				INFOPLIST_KEY_UIApplicationSupportsIndirectInputEvents = YES;
				INFOPLIST_KEY_UILaunchScreen_Generation = YES;
				INFOPLIST_KEY_UISupportedInterfaceOrientations_iPad = "UIInterfaceOrientationPortrait UIInterfaceOrientationPortraitUpsideDown UIInterfaceOrientationLandscapeLeft UIInterfaceOrientationLandscapeRight";
				INFOPLIST_KEY_UISupportedInterfaceOrientations_iPhone = "UIInterfaceOrientationPortrait UIInterfaceOrientationLandscapeLeft UIInterfaceOrientationLandscapeRight";
				LD_RUNPATH_SEARCH_PATHS = (
					"$(inherited)",
					"@executable_path/Frameworks",
				);
				MARKETING_VERSION = 1.0;
				PRODUCT_BUNDLE_IDENTIFIER = davidmartinezhi.DerivadaApp;
				PRODUCT_NAME = "$(TARGET_NAME)";
				SWIFT_EMIT_LOC_STRINGS = YES;
				SWIFT_VERSION = 5.0;
				TARGETED_DEVICE_FAMILY = "1,2";
			};
			name = Debug;
		};
		C2A381532A998A70001F3F79 /* Release */ = {
			isa = XCBuildConfiguration;
			buildSettings = {
				ASSETCATALOG_COMPILER_APPICON_NAME = AppIcon;
				ASSETCATALOG_COMPILER_GLOBAL_ACCENT_COLOR_NAME = AccentColor;
				CODE_SIGN_STYLE = Automatic;
				CURRENT_PROJECT_VERSION = 1;
				DEVELOPMENT_ASSET_PATHS = "\"DerivadaApp/Preview Content\"";
				DEVELOPMENT_TEAM = 633HKT35S8;
				ENABLE_PREVIEWS = YES;
				GENERATE_INFOPLIST_FILE = YES;
				INFOPLIST_KEY_UIApplicationSceneManifest_Generation = YES;
				INFOPLIST_KEY_UIApplicationSupportsIndirectInputEvents = YES;
				INFOPLIST_KEY_UILaunchScreen_Generation = YES;
				INFOPLIST_KEY_UISupportedInterfaceOrientations_iPad = "UIInterfaceOrientationPortrait UIInterfaceOrientationPortraitUpsideDown UIInterfaceOrientationLandscapeLeft UIInterfaceOrientationLandscapeRight";
				INFOPLIST_KEY_UISupportedInterfaceOrientations_iPhone = "UIInterfaceOrientationPortrait UIInterfaceOrientationLandscapeLeft UIInterfaceOrientationLandscapeRight";
				LD_RUNPATH_SEARCH_PATHS = (
					"$(inherited)",
					"@executable_path/Frameworks",
				);
				MARKETING_VERSION = 1.0;
				PRODUCT_BUNDLE_IDENTIFIER = davidmartinezhi.DerivadaApp;
				PRODUCT_NAME = "$(TARGET_NAME)";
				SWIFT_EMIT_LOC_STRINGS = YES;
				SWIFT_VERSION = 5.0;
				TARGETED_DEVICE_FAMILY = "1,2";
			};
			name = Release;
		};
		C2A381552A998A70001F3F79 /* Debug */ = {
			isa = XCBuildConfiguration;
			buildSettings = {
				ALWAYS_EMBED_SWIFT_STANDARD_LIBRARIES = YES;
				BUNDLE_LOADER = "$(TEST_HOST)";
				CODE_SIGN_STYLE = Automatic;
				CURRENT_PROJECT_VERSION = 1;
				DEVELOPMENT_TEAM = 633HKT35S8;
				GENERATE_INFOPLIST_FILE = YES;
				IPHONEOS_DEPLOYMENT_TARGET = 16.4;
				MARKETING_VERSION = 1.0;
				PRODUCT_BUNDLE_IDENTIFIER = davidmartinezhi.DerivadaAppTests;
				PRODUCT_NAME = "$(TARGET_NAME)";
				SWIFT_EMIT_LOC_STRINGS = NO;
				SWIFT_VERSION = 5.0;
				TARGETED_DEVICE_FAMILY = "1,2";
				TEST_HOST = "$(BUILT_PRODUCTS_DIR)/DerivadaApp.app/$(BUNDLE_EXECUTABLE_FOLDER_PATH)/DerivadaApp";
			};
			name = Debug;
		};
		C2A381562A998A70001F3F79 /* Release */ = {
			isa = XCBuildConfiguration;
			buildSettings = {
				ALWAYS_EMBED_SWIFT_STANDARD_LIBRARIES = YES;
				BUNDLE_LOADER = "$(TEST_HOST)";
				CODE_SIGN_STYLE = Automatic;
				CURRENT_PROJECT_VERSION = 1;
				DEVELOPMENT_TEAM = 633HKT35S8;
				GENERATE_INFOPLIST_FILE = YES;
				IPHONEOS_DEPLOYMENT_TARGET = 16.4;
				MARKETING_VERSION = 1.0;
				PRODUCT_BUNDLE_IDENTIFIER = davidmartinezhi.DerivadaAppTests;
				PRODUCT_NAME = "$(TARGET_NAME)";
				SWIFT_EMIT_LOC_STRINGS = NO;
				SWIFT_VERSION = 5.0;
				TARGETED_DEVICE_FAMILY = "1,2";
				TEST_HOST = "$(BUILT_PRODUCTS_DIR)/DerivadaApp.app/$(BUNDLE_EXECUTABLE_FOLDER_PATH)/DerivadaApp";
			};
			name = Release;
		};
		C2A381582A998A70001F3F79 /* Debug */ = {
			isa = XCBuildConfiguration;
			buildSettings = {
				ALWAYS_EMBED_SWIFT_STANDARD_LIBRARIES = YES;
				CODE_SIGN_STYLE = Automatic;
				CURRENT_PROJECT_VERSION = 1;
				DEVELOPMENT_TEAM = 633HKT35S8;
				GENERATE_INFOPLIST_FILE = YES;
				MARKETING_VERSION = 1.0;
				PRODUCT_BUNDLE_IDENTIFIER = davidmartinezhi.DerivadaAppUITests;
				PRODUCT_NAME = "$(TARGET_NAME)";
				SWIFT_EMIT_LOC_STRINGS = NO;
				SWIFT_VERSION = 5.0;
				TARGETED_DEVICE_FAMILY = "1,2";
				TEST_TARGET_NAME = DerivadaApp;
			};
			name = Debug;
		};
		C2A381592A998A70001F3F79 /* Release */ = {
			isa = XCBuildConfiguration;
			buildSettings = {
				ALWAYS_EMBED_SWIFT_STANDARD_LIBRARIES = YES;
				CODE_SIGN_STYLE = Automatic;
				CURRENT_PROJECT_VERSION = 1;
				DEVELOPMENT_TEAM = 633HKT35S8;
				GENERATE_INFOPLIST_FILE = YES;
				MARKETING_VERSION = 1.0;
				PRODUCT_BUNDLE_IDENTIFIER = davidmartinezhi.DerivadaAppUITests;
				PRODUCT_NAME = "$(TARGET_NAME)";
				SWIFT_EMIT_LOC_STRINGS = NO;
				SWIFT_VERSION = 5.0;
				TARGETED_DEVICE_FAMILY = "1,2";
				TEST_TARGET_NAME = DerivadaApp;
			};
			name = Release;
		};
/* End XCBuildConfiguration section */

/* Begin XCConfigurationList section */
		C2A381282A998A6E001F3F79 /* Build configuration list for PBXProject "DerivadaApp" */ = {
			isa = XCConfigurationList;
			buildConfigurations = (
				C2A3814F2A998A70001F3F79 /* Debug */,
				C2A381502A998A70001F3F79 /* Release */,
			);
			defaultConfigurationIsVisible = 0;
			defaultConfigurationName = Release;
		};
		C2A381512A998A70001F3F79 /* Build configuration list for PBXNativeTarget "DerivadaApp" */ = {
			isa = XCConfigurationList;
			buildConfigurations = (
				C2A381522A998A70001F3F79 /* Debug */,
				C2A381532A998A70001F3F79 /* Release */,
			);
			defaultConfigurationIsVisible = 0;
			defaultConfigurationName = Release;
		};
		C2A381542A998A70001F3F79 /* Build configuration list for PBXNativeTarget "DerivadaAppTests" */ = {
			isa = XCConfigurationList;
			buildConfigurations = (
				C2A381552A998A70001F3F79 /* Debug */,
				C2A381562A998A70001F3F79 /* Release */,
			);
			defaultConfigurationIsVisible = 0;
			defaultConfigurationName = Release;
		};
		C2A381572A998A70001F3F79 /* Build configuration list for PBXNativeTarget "DerivadaAppUITests" */ = {
			isa = XCConfigurationList;
			buildConfigurations = (
				C2A381582A998A70001F3F79 /* Debug */,
				C2A381592A998A70001F3F79 /* Release */,
			);
			defaultConfigurationIsVisible = 0;
			defaultConfigurationName = Release;
		};
/* End XCConfigurationList section */
	};
	rootObject = C2A381252A998A6E001F3F79 /* Project object */;
}
